
Microsoft Visual Studio Solution File, Format Version 12.00
# Visual Studio Version 17
VisualStudioVersion = 17.11.35222.181
MinimumVisualStudioVersion = 10.0.40219.1
Project("{9A19103F-16F7-4668-BE54-9A1E7A4F7556}") = "WorldCities.Server", "WorldCities.Server\WorldCities.Server.csproj", "{A0513146-4C94-4420-BEB2-9290E390BFEA}"
EndProject
Project("{54A90642-561A-4BB1-A94E-469ADEE60C69}") = "worldcities.client", "worldcities.client\worldcities.client.esproj", "{3842A3D3-594F-48C7-A6AA-752F320445D3}"
EndProject
Project("{9A19103F-16F7-4668-BE54-9A1E7A4F7556}") = "WorldCities.Server.Tests", "WorldCities.Server.Tests\WorldCities.Server.Tests.csproj", "{10C03365-1030-4AA5-A451-400A54C84B96}"
EndProject
Global
	GlobalSection(SolutionConfigurationPlatforms) = preSolution
		Debug|Any CPU = Debug|Any CPU
		Release|Any CPU = Release|Any CPU
	EndGlobalSection
	GlobalSection(ProjectConfigurationPlatforms) = postSolution
		{A0513146-4C94-4420-BEB2-9290E390BFEA}.Debug|Any CPU.ActiveCfg = Debug|Any CPU
		{A0513146-4C94-4420-BEB2-9290E390BFEA}.Debug|Any CPU.Build.0 = Debug|Any CPU
		{A0513146-4C94-4420-BEB2-9290E390BFEA}.Release|Any CPU.ActiveCfg = Release|Any CPU
		{A0513146-4C94-4420-BEB2-9290E390BFEA}.Release|Any CPU.Build.0 = Release|Any CPU
		{3842A3D3-594F-48C7-A6AA-752F320445D3}.Debug|Any CPU.ActiveCfg = Debug|Any CPU
		{3842A3D3-594F-48C7-A6AA-752F320445D3}.Debug|Any CPU.Build.0 = Debug|Any CPU
		{3842A3D3-594F-48C7-A6AA-752F320445D3}.Release|Any CPU.ActiveCfg = Release|Any CPU
		{3842A3D3-594F-48C7-A6AA-752F320445D3}.Release|Any CPU.Build.0 = Release|Any CPU
		{3842A3D3-594F-48C7-A6AA-752F320445D3}.Release|Any CPU.Deploy.0 = Release|Any CPU
		{10C03365-1030-4AA5-A451-400A54C84B96}.Debug|Any CPU.ActiveCfg = Debug|Any CPU
		{10C03365-1030-4AA5-A451-400A54C84B96}.Debug|Any CPU.Build.0 = Debug|Any CPU
		{10C03365-1030-4AA5-A451-400A54C84B96}.Release|Any CPU.ActiveCfg = Release|Any CPU
		{10C03365-1030-4AA5-A451-400A54C84B96}.Release|Any CPU.Build.0 = Release|Any CPU
	EndGlobalSection
	GlobalSection(SolutionProperties) = preSolution
		HideSolutionNode = FALSE
	EndGlobalSection
	GlobalSection(ExtensibilityGlobals) = postSolution
		SolutionGuid = {EDEAE510-671B-4CF0-9DE1-25D33255CCAD}
	EndGlobalSection
EndGlobal
